// !$*UTF8*$!
{
	archiveVersion = 1;
	classes = {
	};
	objectVersion = 48;
	objects = {

/* Begin PBXBuildFile section */
		85CA9B651FD5F52A008E7AE7 /* CVUtils.cpp in Sources */ = {isa = PBXBuildFile; fileRef = 85CA9B5F1FD5F529008E7AE7 /* CVUtils.cpp */; };
		85CA9B661FD5F52A008E7AE7 /* ARUtils.cpp in Sources */ = {isa = PBXBuildFile; fileRef = 85CA9B641FD5F52A008E7AE7 /* ARUtils.cpp */; };
		85CA9B691FD5F539008E7AE7 /* VTelevision.cpp in Sources */ = {isa = PBXBuildFile; fileRef = 85CA9B681FD5F539008E7AE7 /* VTelevision.cpp */; };
		85CA9B6E1FD5F545008E7AE7 /* AREngine.cpp in Sources */ = {isa = PBXBuildFile; fileRef = 85CA9B6A1FD5F544008E7AE7 /* AREngine.cpp */; };
		85CA9B6F1FD5F545008E7AE7 /* VObject.cpp in Sources */ = {isa = PBXBuildFile; fileRef = 85CA9B6C1FD5F544008E7AE7 /* VObject.cpp */; };
		85CA9B721FD5F56E008E7AE7 /* OfflineDemo.cpp in Sources */ = {isa = PBXBuildFile; fileRef = 85CA9B711FD5F56E008E7AE7 /* OfflineDemo.cpp */; };
/* End PBXBuildFile section */

/* Begin PBXCopyFilesBuildPhase section */
		858663471FD5E3DA00B2F29B /* CopyFiles */ = {
			isa = PBXCopyFilesBuildPhase;
			buildActionMask = 2147483647;
			dstPath = /usr/share/man/man1/;
			dstSubfolderSpec = 0;
			files = (
			);
			runOnlyForDeploymentPostprocessing = 1;
		};
/* End PBXCopyFilesBuildPhase section */

/* Begin PBXFileReference section */
		858663491FD5E3DA00B2F29B /* AR-TV */ = {isa = PBXFileReference; explicitFileType = "compiled.mach-o.executable"; includeInIndex = 0; path = "AR-TV"; sourceTree = BUILT_PRODUCTS_DIR; };
		85CA9B5F1FD5F529008E7AE7 /* CVUtils.cpp */ = {isa = PBXFileReference; fileEncoding = 4; lastKnownFileType = sourcecode.cpp.cpp; path = CVUtils.cpp; sourceTree = "<group>"; };
		85CA9B601FD5F529008E7AE7 /* CVUtils.h */ = {isa = PBXFileReference; fileEncoding = 4; lastKnownFileType = sourcecode.c.h; path = CVUtils.h; sourceTree = "<group>"; };
		85CA9B611FD5F529008E7AE7 /* OSUtils.h */ = {isa = PBXFileReference; fileEncoding = 4; lastKnownFileType = sourcecode.c.h; path = OSUtils.h; sourceTree = "<group>"; };
		85CA9B621FD5F529008E7AE7 /* ErrorCodes.h */ = {isa = PBXFileReference; fileEncoding = 4; lastKnownFileType = sourcecode.c.h; path = ErrorCodes.h; sourceTree = "<group>"; };
		85CA9B631FD5F529008E7AE7 /* ARUtils.h */ = {isa = PBXFileReference; fileEncoding = 4; lastKnownFileType = sourcecode.c.h; path = ARUtils.h; sourceTree = "<group>"; };
		85CA9B641FD5F52A008E7AE7 /* ARUtils.cpp */ = {isa = PBXFileReference; fileEncoding = 4; lastKnownFileType = sourcecode.cpp.cpp; path = ARUtils.cpp; sourceTree = "<group>"; };
		85CA9B671FD5F539008E7AE7 /* VTelevision.h */ = {isa = PBXFileReference; fileEncoding = 4; lastKnownFileType = sourcecode.c.h; path = VTelevision.h; sourceTree = "<group>"; };
		85CA9B681FD5F539008E7AE7 /* VTelevision.cpp */ = {isa = PBXFileReference; fileEncoding = 4; lastKnownFileType = sourcecode.cpp.cpp; path = VTelevision.cpp; sourceTree = "<group>"; };
		85CA9B6A1FD5F544008E7AE7 /* AREngine.cpp */ = {isa = PBXFileReference; fileEncoding = 4; lastKnownFileType = sourcecode.cpp.cpp; path = AREngine.cpp; sourceTree = "<group>"; };
		85CA9B6B1FD5F544008E7AE7 /* AREngine.h */ = {isa = PBXFileReference; fileEncoding = 4; lastKnownFileType = sourcecode.c.h; path = AREngine.h; sourceTree = "<group>"; };
		85CA9B6C1FD5F544008E7AE7 /* VObject.cpp */ = {isa = PBXFileReference; fileEncoding = 4; lastKnownFileType = sourcecode.cpp.cpp; path = VObject.cpp; sourceTree = "<group>"; };
		85CA9B6D1FD5F545008E7AE7 /* VObject.h */ = {isa = PBXFileReference; fileEncoding = 4; lastKnownFileType = sourcecode.c.h; path = VObject.h; sourceTree = "<group>"; };
		85CA9B711FD5F56E008E7AE7 /* OfflineDemo.cpp */ = {isa = PBXFileReference; fileEncoding = 4; lastKnownFileType = sourcecode.cpp.cpp; name = OfflineDemo.cpp; path = "AR-TV/offline_demo/OfflineDemo.cpp"; sourceTree = SOURCE_ROOT; };
/* End PBXFileReference section */

/* Begin PBXFrameworksBuildPhase section */
		858663461FD5E3DA00B2F29B /* Frameworks */ = {
			isa = PBXFrameworksBuildPhase;
			buildActionMask = 2147483647;
			files = (
			);
			runOnlyForDeploymentPostprocessing = 0;
		};
/* End PBXFrameworksBuildPhase section */

/* Begin PBXGroup section */
		858663401FD5E3DA00B2F29B = {
			isa = PBXGroup;
			children = (
				8586634B1FD5E3DA00B2F29B /* AR-TV */,
				8586634A1FD5E3DA00B2F29B /* Products */,
			);
			sourceTree = "<group>";
		};
		8586634A1FD5E3DA00B2F29B /* Products */ = {
			isa = PBXGroup;
			children = (
				858663491FD5E3DA00B2F29B /* AR-TV */,
			);
			name = Products;
			sourceTree = "<group>";
		};
		8586634B1FD5E3DA00B2F29B /* AR-TV */ = {
			isa = PBXGroup;
			children = (
				85CA9B701FD5F552008E7AE7 /* offline_demo */,
				858663641FD5F35700B2F29B /* ar_engine */,
				858663631FD5F34D00B2F29B /* common */,
			);
			path = "AR-TV";
			sourceTree = "<group>";
		};
		858663631FD5F34D00B2F29B /* common */ = {
			isa = PBXGroup;
			children = (
				85CA9B641FD5F52A008E7AE7 /* ARUtils.cpp */,
				85CA9B631FD5F529008E7AE7 /* ARUtils.h */,
				85CA9B5F1FD5F529008E7AE7 /* CVUtils.cpp */,
				85CA9B601FD5F529008E7AE7 /* CVUtils.h */,
				85CA9B621FD5F529008E7AE7 /* ErrorCodes.h */,
				85CA9B611FD5F529008E7AE7 /* OSUtils.h */,
			);
			path = common;
			sourceTree = "<group>";
		};
		858663641FD5F35700B2F29B /* ar_engine */ = {
			isa = PBXGroup;
			children = (
				85CA9B6A1FD5F544008E7AE7 /* AREngine.cpp */,
				85CA9B6B1FD5F544008E7AE7 /* AREngine.h */,
				85CA9B6C1FD5F544008E7AE7 /* VObject.cpp */,
				85CA9B6D1FD5F545008E7AE7 /* VObject.h */,
				858663651FD5F3B700B2F29B /* vobjects */,
			);
			path = ar_engine;
			sourceTree = "<group>";
		};
		858663651FD5F3B700B2F29B /* vobjects */ = {
			isa = PBXGroup;
			children = (
				85CA9B681FD5F539008E7AE7 /* VTelevision.cpp */,
				85CA9B671FD5F539008E7AE7 /* VTelevision.h */,
			);
			path = vobjects;
			sourceTree = "<group>";
		};
		85CA9B701FD5F552008E7AE7 /* offline_demo */ = {
			isa = PBXGroup;
			children = (
				85CA9B711FD5F56E008E7AE7 /* OfflineDemo.cpp */,
			);
			name = offline_demo;
			path = "New Group";
			sourceTree = "<group>";
		};
/* End PBXGroup section */

/* Begin PBXNativeTarget section */
		858663481FD5E3DA00B2F29B /* AR-TV */ = {
			isa = PBXNativeTarget;
			buildConfigurationList = 858663501FD5E3DA00B2F29B /* Build configuration list for PBXNativeTarget "AR-TV" */;
			buildPhases = (
				858663451FD5E3DA00B2F29B /* Sources */,
				858663461FD5E3DA00B2F29B /* Frameworks */,
				858663471FD5E3DA00B2F29B /* CopyFiles */,
			);
			buildRules = (
			);
			dependencies = (
			);
			name = "AR-TV";
			productName = "AR-TV";
			productReference = 858663491FD5E3DA00B2F29B /* AR-TV */;
			productType = "com.apple.product-type.tool";
		};
/* End PBXNativeTarget section */

/* Begin PBXProject section */
		858663411FD5E3DA00B2F29B /* Project object */ = {
			isa = PBXProject;
			attributes = {
				LastUpgradeCheck = 0910;
				ORGANIZATIONNAME = "Qiqi Xiao";
				TargetAttributes = {
					858663481FD5E3DA00B2F29B = {
						CreatedOnToolsVersion = 9.1;
						ProvisioningStyle = Automatic;
					};
				};
			};
			buildConfigurationList = 858663441FD5E3DA00B2F29B /* Build configuration list for PBXProject "AR-TV" */;
			compatibilityVersion = "Xcode 8.0";
			developmentRegion = en;
			hasScannedForEncodings = 0;
			knownRegions = (
				en,
			);
			mainGroup = 858663401FD5E3DA00B2F29B;
			productRefGroup = 8586634A1FD5E3DA00B2F29B /* Products */;
			projectDirPath = "";
			projectRoot = "";
			targets = (
				858663481FD5E3DA00B2F29B /* AR-TV */,
			);
		};
/* End PBXProject section */

/* Begin PBXSourcesBuildPhase section */
		858663451FD5E3DA00B2F29B /* Sources */ = {
			isa = PBXSourcesBuildPhase;
			buildActionMask = 2147483647;
			files = (
				85CA9B661FD5F52A008E7AE7 /* ARUtils.cpp in Sources */,
				85CA9B691FD5F539008E7AE7 /* VTelevision.cpp in Sources */,
				85CA9B721FD5F56E008E7AE7 /* OfflineDemo.cpp in Sources */,
				85CA9B6F1FD5F545008E7AE7 /* VObject.cpp in Sources */,
				85CA9B6E1FD5F545008E7AE7 /* AREngine.cpp in Sources */,
				85CA9B651FD5F52A008E7AE7 /* CVUtils.cpp in Sources */,
			);
			runOnlyForDeploymentPostprocessing = 0;
		};
/* End PBXSourcesBuildPhase section */

/* Begin XCBuildConfiguration section */
		8586634E1FD5E3DA00B2F29B /* Debug */ = {
			isa = XCBuildConfiguration;
			buildSettings = {
				ALWAYS_SEARCH_USER_PATHS = NO;
				CLANG_ANALYZER_NONNULL = YES;
				CLANG_ANALYZER_NUMBER_OBJECT_CONVERSION = YES_AGGRESSIVE;
				CLANG_CXX_LANGUAGE_STANDARD = "gnu++14";
				CLANG_CXX_LIBRARY = "libc++";
				CLANG_ENABLE_MODULES = YES;
				CLANG_ENABLE_OBJC_ARC = YES;
				CLANG_WARN_BLOCK_CAPTURE_AUTORELEASING = YES;
				CLANG_WARN_BOOL_CONVERSION = YES;
				CLANG_WARN_COMMA = YES;
				CLANG_WARN_CONSTANT_CONVERSION = YES;
				CLANG_WARN_DIRECT_OBJC_ISA_USAGE = YES_ERROR;
				CLANG_WARN_DOCUMENTATION_COMMENTS = YES;
				CLANG_WARN_EMPTY_BODY = YES;
				CLANG_WARN_ENUM_CONVERSION = YES;
				CLANG_WARN_INFINITE_RECURSION = YES;
				CLANG_WARN_INT_CONVERSION = YES;
				CLANG_WARN_NON_LITERAL_NULL_CONVERSION = YES;
				CLANG_WARN_OBJC_LITERAL_CONVERSION = YES;
				CLANG_WARN_OBJC_ROOT_CLASS = YES_ERROR;
				CLANG_WARN_RANGE_LOOP_ANALYSIS = YES;
				CLANG_WARN_STRICT_PROTOTYPES = YES;
				CLANG_WARN_SUSPICIOUS_MOVE = YES;
				CLANG_WARN_UNGUARDED_AVAILABILITY = YES_AGGRESSIVE;
				CLANG_WARN_UNREACHABLE_CODE = YES;
				CLANG_WARN__DUPLICATE_METHOD_MATCH = YES;
				CODE_SIGN_IDENTITY = "Mac Developer";
				COPY_PHASE_STRIP = NO;
				DEBUG_INFORMATION_FORMAT = dwarf;
				ENABLE_STRICT_OBJC_MSGSEND = YES;
				ENABLE_TESTABILITY = YES;
				GCC_C_LANGUAGE_STANDARD = gnu11;
				GCC_DYNAMIC_NO_PIC = NO;
				GCC_NO_COMMON_BLOCKS = YES;
				GCC_OPTIMIZATION_LEVEL = 0;
				GCC_PREPROCESSOR_DEFINITIONS = (
					"DEBUG=1",
					"$(inherited)",
				);
				GCC_WARN_64_TO_32_BIT_CONVERSION = YES;
				GCC_WARN_ABOUT_RETURN_TYPE = YES_ERROR;
				GCC_WARN_UNDECLARED_SELECTOR = YES;
				GCC_WARN_UNINITIALIZED_AUTOS = YES_AGGRESSIVE;
				GCC_WARN_UNUSED_FUNCTION = YES;
				GCC_WARN_UNUSED_VARIABLE = YES;
				MACOSX_DEPLOYMENT_TARGET = 10.13;
				MTL_ENABLE_DEBUG_INFO = YES;
				ONLY_ACTIVE_ARCH = YES;
				SDKROOT = macosx;
			};
			name = Debug;
		};
		8586634F1FD5E3DA00B2F29B /* Release */ = {
			isa = XCBuildConfiguration;
			buildSettings = {
				ALWAYS_SEARCH_USER_PATHS = NO;
				CLANG_ANALYZER_NONNULL = YES;
				CLANG_ANALYZER_NUMBER_OBJECT_CONVERSION = YES_AGGRESSIVE;
				CLANG_CXX_LANGUAGE_STANDARD = "gnu++14";
				CLANG_CXX_LIBRARY = "libc++";
				CLANG_ENABLE_MODULES = YES;
				CLANG_ENABLE_OBJC_ARC = YES;
				CLANG_WARN_BLOCK_CAPTURE_AUTORELEASING = YES;
				CLANG_WARN_BOOL_CONVERSION = YES;
				CLANG_WARN_COMMA = YES;
				CLANG_WARN_CONSTANT_CONVERSION = YES;
				CLANG_WARN_DIRECT_OBJC_ISA_USAGE = YES_ERROR;
				CLANG_WARN_DOCUMENTATION_COMMENTS = YES;
				CLANG_WARN_EMPTY_BODY = YES;
				CLANG_WARN_ENUM_CONVERSION = YES;
				CLANG_WARN_INFINITE_RECURSION = YES;
				CLANG_WARN_INT_CONVERSION = YES;
				CLANG_WARN_NON_LITERAL_NULL_CONVERSION = YES;
				CLANG_WARN_OBJC_LITERAL_CONVERSION = YES;
				CLANG_WARN_OBJC_ROOT_CLASS = YES_ERROR;
				CLANG_WARN_RANGE_LOOP_ANALYSIS = YES;
				CLANG_WARN_STRICT_PROTOTYPES = YES;
				CLANG_WARN_SUSPICIOUS_MOVE = YES;
				CLANG_WARN_UNGUARDED_AVAILABILITY = YES_AGGRESSIVE;
				CLANG_WARN_UNREACHABLE_CODE = YES;
				CLANG_WARN__DUPLICATE_METHOD_MATCH = YES;
				CODE_SIGN_IDENTITY = "Mac Developer";
				COPY_PHASE_STRIP = NO;
				DEBUG_INFORMATION_FORMAT = "dwarf-with-dsym";
				ENABLE_NS_ASSERTIONS = NO;
				ENABLE_STRICT_OBJC_MSGSEND = YES;
				GCC_C_LANGUAGE_STANDARD = gnu11;
				GCC_NO_COMMON_BLOCKS = YES;
				GCC_WARN_64_TO_32_BIT_CONVERSION = YES;
				GCC_WARN_ABOUT_RETURN_TYPE = YES_ERROR;
				GCC_WARN_UNDECLARED_SELECTOR = YES;
				GCC_WARN_UNINITIALIZED_AUTOS = YES_AGGRESSIVE;
				GCC_WARN_UNUSED_FUNCTION = YES;
				GCC_WARN_UNUSED_VARIABLE = YES;
				MACOSX_DEPLOYMENT_TARGET = 10.13;
				MTL_ENABLE_DEBUG_INFO = NO;
				SDKROOT = macosx;
			};
			name = Release;
		};
		858663511FD5E3DA00B2F29B /* Debug */ = {
			isa = XCBuildConfiguration;
			buildSettings = {
				CODE_SIGN_STYLE = Automatic;
				DEVELOPMENT_TEAM = 7DUB7Q8F99;
				HEADER_SEARCH_PATHS = (
					/usr/local/include,
					"$(SRCROOT)",
					"$(SRCROOT)/AR-TV",
				);
				LIBRARY_SEARCH_PATHS = /usr/local/lib;
				OTHER_LDFLAGS = (
					"-lopencv_calib3d",
					"-lopencv_core",
					"-lopencv_features2d",
					"-lopencv_flann",
					"-lopencv_highgui",
					"-lopencv_imgcodecs",
					"-lopencv_imgproc",
					"-lopencv_ml",
					"-lopencv_objdetect",
					"-lopencv_photo",
					"-lopencv_shape",
					"-lopencv_stitching",
					"-lopencv_superres",
					"-lopencv_video",
					"-lopencv_videoio",
					"-lopencv_videostab",
				);
				PRODUCT_NAME = "$(TARGET_NAME)";
			};
			name = Debug;
		};
		858663521FD5E3DA00B2F29B /* Release */ = {
			isa = XCBuildConfiguration;
			buildSettings = {
				CODE_SIGN_STYLE = Automatic;
				DEVELOPMENT_TEAM = 7DUB7Q8F99;
				HEADER_SEARCH_PATHS = (
					/usr/local/include,
					"$(SRCROOT)",
					"$(SRCROOT)/AR-TV",
				);
				LIBRARY_SEARCH_PATHS = /usr/local/lib;
				OTHER_LDFLAGS = (
					"-lopencv_calib3d",
					"-lopencv_core",
					"-lopencv_features2d",
					"-lopencv_flann",
					"-lopencv_highgui",
					"-lopencv_imgcodecs",
					"-lopencv_imgproc",
					"-lopencv_ml",
					"-lopencv_objdetect",
					"-lopencv_photo",
					"-lopencv_shape",
					"-lopencv_stitching",
					"-lopencv_superres",
					"-lopencv_video",
					"-lopencv_videoio",
					"-lopencv_videostab",
				);
				PRODUCT_NAME = "$(TARGET_NAME)";
			};
			name = Release;
		};
/* End XCBuildConfiguration section */

/* Begin XCConfigurationList section */
		858663441FD5E3DA00B2F29B /* Build configuration list for PBXProject "AR-TV" */ = {
			isa = XCConfigurationList;
			buildConfigurations = (
				8586634E1FD5E3DA00B2F29B /* Debug */,
				8586634F1FD5E3DA00B2F29B /* Release */,
			);
			defaultConfigurationIsVisible = 0;
			defaultConfigurationName = Release;
		};
		858663501FD5E3DA00B2F29B /* Build configuration list for PBXNativeTarget "AR-TV" */ = {
			isa = XCConfigurationList;
			buildConfigurations = (
				858663511FD5E3DA00B2F29B /* Debug */,
				858663521FD5E3DA00B2F29B /* Release */,
			);
			defaultConfigurationIsVisible = 0;
			defaultConfigurationName = Release;
		};
/* End XCConfigurationList section */
	};
	rootObject = 858663411FD5E3DA00B2F29B /* Project object */;
}
